
Microsoft Visual Studio Solution File, Format Version 12.00
# Visual Studio Version 17
VisualStudioVersion = 17.14.37614.0 d17.14
MinimumVisualStudioVersion = 10.0.40219.1
Project("{FAE04EC0-301F-11D3-BF4B-00C04F79EFBC}") = "나준희_과제_이력서작성", "나준희_과제_이력서작성.csproj", "{12543E3F-F5D9-4A96-95D8-694376DD3756}"
EndProject
Global
	GlobalSection(SolutionConfigurationPlatforms) = preSolution
		Debug|Any CPU = Debug|Any CPU
		Release|Any CPU = Release|Any CPU
	EndGlobalSection
	GlobalSection(ProjectConfigurationPlatforms) = postSolution
		{12543E3F-F5D9-4A96-95D8-694376DD3756}.Debug|Any CPU.ActiveCfg = Debug|Any CPU
		{12543E3F-F5D9-4A96-95D8-694376DD3756}.Debug|Any CPU.Build.0 = Debug|Any CPU
		{12543E3F-F5D9-4A96-95D8-694376DD3756}.Release|Any CPU.ActiveCfg = Release|Any CPU
		{12543E3F-F5D9-4A96-95D8-694376DD3756}.Release|Any CPU.Build.0 = Release|Any CPU
	EndGlobalSection
	GlobalSection(SolutionProperties) = preSolution
		HideSolutionNode = FALSE
	EndGlobalSection
	GlobalSection(ExtensibilityGlobals) = postSolution
		SolutionGuid = {914D7E27-E523-4295-A32C-B1451A7998DE}
	EndGlobalSection
EndGlobal
